
Microsoft Visual Studio Solution File, Format Version 12.00
# Visual Studio Version 17
VisualStudioVersion = 17.8.34330.188
MinimumVisualStudioVersion = 10.0.40219.1
Project("{FAE04EC0-301F-11D3-BF4B-00C04F79EFBC}") = "PoweredTwo_1_9", "PoweredTwo_1_9.csproj", "{27AF73E0-D057-4256-B01C-4C43262A895B}"
EndProject
Global
	GlobalSection(SolutionConfigurationPlatforms) = preSolution
		Debug|Any CPU = Debug|Any CPU
		Release|Any CPU = Release|Any CPU
	EndGlobalSection
	GlobalSection(ProjectConfigurationPlatforms) = postSolution
		{27AF73E0-D057-4256-B01C-4C43262A895B}.Debug|Any CPU.ActiveCfg = Debug|Any CPU
		{27AF73E0-D057-4256-B01C-4C43262A895B}.Debug|Any CPU.Build.0 = Debug|Any CPU
		{27AF73E0-D057-4256-B01C-4C43262A895B}.Release|Any CPU.ActiveCfg = Release|Any CPU
		{27AF73E0-D057-4256-B01C-4C43262A895B}.Release|Any CPU.Build.0 = Release|Any CPU
	EndGlobalSection
	GlobalSection(SolutionProperties) = preSolution
		HideSolutionNode = FALSE
	EndGlobalSection
	GlobalSection(ExtensibilityGlobals) = postSolution
		SolutionGuid = {1EA97E2A-AF64-499D-8C78-01E1887E717D}
	EndGlobalSection
EndGlobal
