
Microsoft Visual Studio Solution File, Format Version 12.00
# Visual Studio Version 17
VisualStudioVersion = 17.8.34330.188
MinimumVisualStudioVersion = 10.0.40219.1
Project("{FAE04EC0-301F-11D3-BF4B-00C04F79EFBC}") = "CurrencyConvertation_1_5", "CurrencyConvertation_1_5.csproj", "{BD9EF2E1-56D2-4CBD-983D-3635B7A1E70D}"
EndProject
Global
	GlobalSection(SolutionConfigurationPlatforms) = preSolution
		Debug|Any CPU = Debug|Any CPU
		Release|Any CPU = Release|Any CPU
	EndGlobalSection
	GlobalSection(ProjectConfigurationPlatforms) = postSolution
		{BD9EF2E1-56D2-4CBD-983D-3635B7A1E70D}.Debug|Any CPU.ActiveCfg = Debug|Any CPU
		{BD9EF2E1-56D2-4CBD-983D-3635B7A1E70D}.Debug|Any CPU.Build.0 = Debug|Any CPU
		{BD9EF2E1-56D2-4CBD-983D-3635B7A1E70D}.Release|Any CPU.ActiveCfg = Release|Any CPU
		{BD9EF2E1-56D2-4CBD-983D-3635B7A1E70D}.Release|Any CPU.Build.0 = Release|Any CPU
	EndGlobalSection
	GlobalSection(SolutionProperties) = preSolution
		HideSolutionNode = FALSE
	EndGlobalSection
	GlobalSection(ExtensibilityGlobals) = postSolution
		SolutionGuid = {7CEEB1A2-75CF-4EC9-8CC6-1747D6C10FA4}
	EndGlobalSection
EndGlobal
