
Microsoft Visual Studio Solution File, Format Version 12.00
# Visual Studio Version 17
VisualStudioVersion = 17.8.34330.188
MinimumVisualStudioVersion = 10.0.40219.1
Project("{FAE04EC0-301F-11D3-BF4B-00C04F79EFBC}") = "MaximumSearch", "..\MaximumSearch\MaximumSearch.csproj", "{4430D721-C03B-42CD-BD77-A064DAA355D8}"
EndProject
Project("{FAE04EC0-301F-11D3-BF4B-00C04F79EFBC}") = "Extremums", "..\Extremums\Extremums.csproj", "{9FCA4533-87C1-418E-8CFC-22A237F2469F}"
EndProject
Project("{FAE04EC0-301F-11D3-BF4B-00C04F79EFBC}") = "DynamicArray", "..\DynamicArray\DynamicArray.csproj", "{337AF2C6-E10E-4FE9-924C-81A663EECA13}"
EndProject
Project("{FAE04EC0-301F-11D3-BF4B-00C04F79EFBC}") = "ArrayElements_2.0", "..\ArrayElements_2.0\ArrayElements_2.0.csproj", "{264D9B9B-3600-4477-9802-782E48209F59}"
EndProject
Global
	GlobalSection(SolutionConfigurationPlatforms) = preSolution
		Debug|Any CPU = Debug|Any CPU
		Release|Any CPU = Release|Any CPU
	EndGlobalSection
	GlobalSection(ProjectConfigurationPlatforms) = postSolution
		{4430D721-C03B-42CD-BD77-A064DAA355D8}.Debug|Any CPU.ActiveCfg = Debug|Any CPU
		{4430D721-C03B-42CD-BD77-A064DAA355D8}.Debug|Any CPU.Build.0 = Debug|Any CPU
		{4430D721-C03B-42CD-BD77-A064DAA355D8}.Release|Any CPU.ActiveCfg = Release|Any CPU
		{4430D721-C03B-42CD-BD77-A064DAA355D8}.Release|Any CPU.Build.0 = Release|Any CPU
		{9FCA4533-87C1-418E-8CFC-22A237F2469F}.Debug|Any CPU.ActiveCfg = Debug|Any CPU
		{9FCA4533-87C1-418E-8CFC-22A237F2469F}.Debug|Any CPU.Build.0 = Debug|Any CPU
		{9FCA4533-87C1-418E-8CFC-22A237F2469F}.Release|Any CPU.ActiveCfg = Release|Any CPU
		{9FCA4533-87C1-418E-8CFC-22A237F2469F}.Release|Any CPU.Build.0 = Release|Any CPU
		{337AF2C6-E10E-4FE9-924C-81A663EECA13}.Debug|Any CPU.ActiveCfg = Debug|Any CPU
		{337AF2C6-E10E-4FE9-924C-81A663EECA13}.Debug|Any CPU.Build.0 = Debug|Any CPU
		{337AF2C6-E10E-4FE9-924C-81A663EECA13}.Release|Any CPU.ActiveCfg = Release|Any CPU
		{337AF2C6-E10E-4FE9-924C-81A663EECA13}.Release|Any CPU.Build.0 = Release|Any CPU
		{264D9B9B-3600-4477-9802-782E48209F59}.Debug|Any CPU.ActiveCfg = Debug|Any CPU
		{264D9B9B-3600-4477-9802-782E48209F59}.Debug|Any CPU.Build.0 = Debug|Any CPU
		{264D9B9B-3600-4477-9802-782E48209F59}.Release|Any CPU.ActiveCfg = Release|Any CPU
		{264D9B9B-3600-4477-9802-782E48209F59}.Release|Any CPU.Build.0 = Release|Any CPU
	EndGlobalSection
	GlobalSection(SolutionProperties) = preSolution
		HideSolutionNode = FALSE
	EndGlobalSection
	GlobalSection(ExtensibilityGlobals) = postSolution
		SolutionGuid = {1BC82EA6-F336-45AA-A17B-F64CB08FB438}
	EndGlobalSection
EndGlobal
